
Microsoft Visual Studio Solution File, Format Version 12.00
# Visual Studio Version 17
VisualStudioVersion = 17.0.31903.59
MinimumVisualStudioVersion = 10.0.40219.1
Project("{FAE04EC0-301F-11D3-BF4B-00C04F79EFBC}") = "BankApp", "BankApp\BankApp.csproj", "{5942CE44-78AE-48D4-8184-BE5F1AA42699}"
EndProject
Project("{FAE04EC0-301F-11D3-BF4B-00C04F79EFBC}") = "Banking", "Banking\Banking.csproj", "{718C9881-C34B-4331-B6C9-0C67434C53CB}"
EndProject
Global
	GlobalSection(SolutionConfigurationPlatforms) = preSolution
		Debug|Any CPU = Debug|Any CPU
		Release|Any CPU = Release|Any CPU
	EndGlobalSection
	GlobalSection(SolutionProperties) = preSolution
		HideSolutionNode = FALSE
	EndGlobalSection
	GlobalSection(ProjectConfigurationPlatforms) = postSolution
		{5942CE44-78AE-48D4-8184-BE5F1AA42699}.Debug|Any CPU.ActiveCfg = Debug|Any CPU
		{5942CE44-78AE-48D4-8184-BE5F1AA42699}.Debug|Any CPU.Build.0 = Debug|Any CPU
		{5942CE44-78AE-48D4-8184-BE5F1AA42699}.Release|Any CPU.ActiveCfg = Release|Any CPU
		{5942CE44-78AE-48D4-8184-BE5F1AA42699}.Release|Any CPU.Build.0 = Release|Any CPU
		{718C9881-C34B-4331-B6C9-0C67434C53CB}.Debug|Any CPU.ActiveCfg = Debug|Any CPU
		{718C9881-C34B-4331-B6C9-0C67434C53CB}.Debug|Any CPU.Build.0 = Debug|Any CPU
		{718C9881-C34B-4331-B6C9-0C67434C53CB}.Release|Any CPU.ActiveCfg = Release|Any CPU
		{718C9881-C34B-4331-B6C9-0C67434C53CB}.Release|Any CPU.Build.0 = Release|Any CPU
	EndGlobalSection
EndGlobal
