
Microsoft Visual Studio Solution File, Format Version 12.00
# Visual Studio Version 17
VisualStudioVersion = 17.12.35527.113 d17.12
MinimumVisualStudioVersion = 10.0.40219.1
Project("{FAE04EC0-301F-11D3-BF4B-00C04F79EFBC}") = "TestApp", "TestApp\TestApp.csproj", "{9EFF0001-2BA9-4AB1-A28C-71A486789946}"
EndProject
Project("{FAE04EC0-301F-11D3-BF4B-00C04F79EFBC}") = "CatalogLib", "CatalogLib\CatalogLib.csproj", "{9EBD6C1D-F323-48AD-B05E-DD457034D89A}"
EndProject
Project("{FAE04EC0-301F-11D3-BF4B-00C04F79EFBC}") = "OnlineShoppingPortal", "OnlineShoppingPortal\OnlineShoppingPortal.csproj", "{3274F42C-40EF-4DF7-A1C9-D374686FB702}"
EndProject
Global
	GlobalSection(SolutionConfigurationPlatforms) = preSolution
		Debug|Any CPU = Debug|Any CPU
		Release|Any CPU = Release|Any CPU
	EndGlobalSection
	GlobalSection(ProjectConfigurationPlatforms) = postSolution
		{9EFF0001-2BA9-4AB1-A28C-71A486789946}.Debug|Any CPU.ActiveCfg = Debug|Any CPU
		{9EFF0001-2BA9-4AB1-A28C-71A486789946}.Debug|Any CPU.Build.0 = Debug|Any CPU
		{9EFF0001-2BA9-4AB1-A28C-71A486789946}.Release|Any CPU.ActiveCfg = Release|Any CPU
		{9EFF0001-2BA9-4AB1-A28C-71A486789946}.Release|Any CPU.Build.0 = Release|Any CPU
		{9EBD6C1D-F323-48AD-B05E-DD457034D89A}.Debug|Any CPU.ActiveCfg = Debug|Any CPU
		{9EBD6C1D-F323-48AD-B05E-DD457034D89A}.Debug|Any CPU.Build.0 = Debug|Any CPU
		{9EBD6C1D-F323-48AD-B05E-DD457034D89A}.Release|Any CPU.ActiveCfg = Release|Any CPU
		{9EBD6C1D-F323-48AD-B05E-DD457034D89A}.Release|Any CPU.Build.0 = Release|Any CPU
		{3274F42C-40EF-4DF7-A1C9-D374686FB702}.Debug|Any CPU.ActiveCfg = Debug|Any CPU
		{3274F42C-40EF-4DF7-A1C9-D374686FB702}.Debug|Any CPU.Build.0 = Debug|Any CPU
		{3274F42C-40EF-4DF7-A1C9-D374686FB702}.Release|Any CPU.ActiveCfg = Release|Any CPU
		{3274F42C-40EF-4DF7-A1C9-D374686FB702}.Release|Any CPU.Build.0 = Release|Any CPU
	EndGlobalSection
	GlobalSection(SolutionProperties) = preSolution
		HideSolutionNode = FALSE
	EndGlobalSection
EndGlobal
